
Microsoft Visual Studio Solution File, Format Version 12.00
# Visual Studio Version 16
VisualStudioVersion = 16.0.31624.102
MinimumVisualStudioVersion = 10.0.40219.1
Project("{9A19103F-16F7-4668-BE54-9A1E7A4F7556}") = "Projekt", "Projekt\Projekt.csproj", "{8BABB7FE-AF8C-4E55-8746-FAE93C91703E}"
EndProject
Global
	GlobalSection(SolutionConfigurationPlatforms) = preSolution
		Debug|Any CPU = Debug|Any CPU
		Release|Any CPU = Release|Any CPU
	EndGlobalSection
	GlobalSection(ProjectConfigurationPlatforms) = postSolution
		{8BABB7FE-AF8C-4E55-8746-FAE93C91703E}.Debug|Any CPU.ActiveCfg = Debug|Any CPU
		{8BABB7FE-AF8C-4E55-8746-FAE93C91703E}.Debug|Any CPU.Build.0 = Debug|Any CPU
		{8BABB7FE-AF8C-4E55-8746-FAE93C91703E}.Release|Any CPU.ActiveCfg = Release|Any CPU
		{8BABB7FE-AF8C-4E55-8746-FAE93C91703E}.Release|Any CPU.Build.0 = Release|Any CPU
	EndGlobalSection
	GlobalSection(SolutionProperties) = preSolution
		HideSolutionNode = FALSE
	EndGlobalSection
	GlobalSection(ExtensibilityGlobals) = postSolution
		SolutionGuid = {EE1AF959-12A4-4DD3-A2E3-38E9B8C3FA7D}
	EndGlobalSection
EndGlobal
